
Microsoft Visual Studio Solution File, Format Version 12.00
# Visual Studio Version 17
VisualStudioVersion = 17.3.32922.545
MinimumVisualStudioVersion = 10.0.40219.1
Project("{FAE04EC0-301F-11D3-BF4B-00C04F79EFBC}") = "DummyDataBase", "DummyDataBase\DummyDataBase.csproj", "{4F8E7F34-C68A-41B4-8DD6-077AF9999A9B}"
EndProject
Global
	GlobalSection(SolutionConfigurationPlatforms) = preSolution
		Debug|Any CPU = Debug|Any CPU
		Release|Any CPU = Release|Any CPU
	EndGlobalSection
	GlobalSection(ProjectConfigurationPlatforms) = postSolution
		{4F8E7F34-C68A-41B4-8DD6-077AF9999A9B}.Debug|Any CPU.ActiveCfg = Debug|Any CPU
		{4F8E7F34-C68A-41B4-8DD6-077AF9999A9B}.Debug|Any CPU.Build.0 = Debug|Any CPU
		{4F8E7F34-C68A-41B4-8DD6-077AF9999A9B}.Release|Any CPU.ActiveCfg = Release|Any CPU
		{4F8E7F34-C68A-41B4-8DD6-077AF9999A9B}.Release|Any CPU.Build.0 = Release|Any CPU
	EndGlobalSection
	GlobalSection(SolutionProperties) = preSolution
		HideSolutionNode = FALSE
	EndGlobalSection
	GlobalSection(ExtensibilityGlobals) = postSolution
		SolutionGuid = {1C25DAE4-E2CD-42A9-87F9-CDBCEEC4E2EB}
	EndGlobalSection
EndGlobal
